// !$*UTF8*$!
{
	archiveVersion = 1;
	classes = {
	};
	objectVersion = 50;
	objects = {

/* Begin PBXBuildFile section */
		288ED4012750EE290005E8E3 /* AppDelegate.swift in Sources */ = {isa = PBXBuildFile; fileRef = 288ED4002750EE290005E8E3 /* AppDelegate.swift */; };
		288ED4032750EE290005E8E3 /* SceneDelegate.swift in Sources */ = {isa = PBXBuildFile; fileRef = 288ED4022750EE290005E8E3 /* SceneDelegate.swift */; };
		288ED4052750EE290005E8E3 /* ViewController.swift in Sources */ = {isa = PBXBuildFile; fileRef = 288ED4042750EE290005E8E3 /* ViewController.swift */; };
		288ED4082750EE290005E8E3 /* Main.storyboard in Resources */ = {isa = PBXBuildFile; fileRef = 288ED4062750EE290005E8E3 /* Main.storyboard */; };
		288ED40A2750EE340005E8E3 /* Assets.xcassets in Resources */ = {isa = PBXBuildFile; fileRef = 288ED4092750EE340005E8E3 /* Assets.xcassets */; };
		288ED40D2750EE340005E8E3 /* LaunchScreen.storyboard in Resources */ = {isa = PBXBuildFile; fileRef = 288ED40B2750EE340005E8E3 /* LaunchScreen.storyboard */; };
		C1C950140CE43F3B682BBAD6 /* Pods_Hack_Project.framework in Frameworks */ = {isa = PBXBuildFile; fileRef = 8B1BD05AE7F8A74B1E9DFF3E /* Pods_Hack_Project.framework */; };
/* End PBXBuildFile section */

/* Begin PBXFileReference section */
		0A3D2E9F08B8F7C97C738CFE /* Pods-Hack_Project.release.xcconfig */ = {isa = PBXFileReference; includeInIndex = 1; lastKnownFileType = text.xcconfig; name = "Pods-Hack_Project.release.xcconfig"; path = "Pods/Target Support Files/Pods-Hack_Project/Pods-Hack_Project.release.xcconfig"; sourceTree = "<group>"; };
		288ED3FD2750EE290005E8E3 /* Hack_Project.app */ = {isa = PBXFileReference; explicitFileType = wrapper.application; includeInIndex = 0; path = Hack_Project.app; sourceTree = BUILT_PRODUCTS_DIR; };
		288ED4002750EE290005E8E3 /* AppDelegate.swift */ = {isa = PBXFileReference; lastKnownFileType = sourcecode.swift; path = AppDelegate.swift; sourceTree = "<group>"; };
		288ED4022750EE290005E8E3 /* SceneDelegate.swift */ = {isa = PBXFileReference; lastKnownFileType = sourcecode.swift; path = SceneDelegate.swift; sourceTree = "<group>"; };
		288ED4042750EE290005E8E3 /* ViewController.swift */ = {isa = PBXFileReference; lastKnownFileType = sourcecode.swift; path = ViewController.swift; sourceTree = "<group>"; };
		288ED4072750EE290005E8E3 /* Base */ = {isa = PBXFileReference; lastKnownFileType = file.storyboard; name = Base; path = Base.lproj/Main.storyboard; sourceTree = "<group>"; };
		288ED4092750EE340005E8E3 /* Assets.xcassets */ = {isa = PBXFileReference; lastKnownFileType = folder.assetcatalog; path = Assets.xcassets; sourceTree = "<group>"; };
		288ED40C2750EE340005E8E3 /* Base */ = {isa = PBXFileReference; lastKnownFileType = file.storyboard; name = Base; path = Base.lproj/LaunchScreen.storyboard; sourceTree = "<group>"; };
		288ED40E2750EE340005E8E3 /* Info.plist */ = {isa = PBXFileReference; lastKnownFileType = text.plist.xml; path = Info.plist; sourceTree = "<group>"; };
		8B1BD05AE7F8A74B1E9DFF3E /* Pods_Hack_Project.framework */ = {isa = PBXFileReference; explicitFileType = wrapper.framework; includeInIndex = 0; path = Pods_Hack_Project.framework; sourceTree = BUILT_PRODUCTS_DIR; };
		E8FFC60A17966B8A89A9E240 /* Pods-Hack_Project.debug.xcconfig */ = {isa = PBXFileReference; includeInIndex = 1; lastKnownFileType = text.xcconfig; name = "Pods-Hack_Project.debug.xcconfig"; path = "Pods/Target Support Files/Pods-Hack_Project/Pods-Hack_Project.debug.xcconfig"; sourceTree = "<group>"; };
/* End PBXFileReference section */

/* Begin PBXFrameworksBuildPhase section */
		288ED3FA2750EE280005E8E3 /* Frameworks */ = {
			isa = PBXFrameworksBuildPhase;
			buildActionMask = 2147483647;
			files = (
				C1C950140CE43F3B682BBAD6 /* Pods_Hack_Project.framework in Frameworks */,
			);
			runOnlyForDeploymentPostprocessing = 0;
		};
/* End PBXFrameworksBuildPhase section */

/* Begin PBXGroup section */
		288ED3F42750EE280005E8E3 = {
			isa = PBXGroup;
			children = (
				288ED3FF2750EE290005E8E3 /* Hack_Project */,
				288ED3FE2750EE290005E8E3 /* Products */,
				7EB8CD649F9055C1074ECE53 /* Pods */,
				4A37F2DC44265E20A69991C4 /* Frameworks */,
			);
			sourceTree = "<group>";
		};
		288ED3FE2750EE290005E8E3 /* Products */ = {
			isa = PBXGroup;
			children = (
				288ED3FD2750EE290005E8E3 /* Hack_Project.app */,
			);
			name = Products;
			sourceTree = "<group>";
		};
		288ED3FF2750EE290005E8E3 /* Hack_Project */ = {
			isa = PBXGroup;
			children = (
				288ED4002750EE290005E8E3 /* AppDelegate.swift */,
				288ED4022750EE290005E8E3 /* SceneDelegate.swift */,
				288ED4042750EE290005E8E3 /* ViewController.swift */,
				288ED4062750EE290005E8E3 /* Main.storyboard */,
				288ED4092750EE340005E8E3 /* Assets.xcassets */,
				288ED40B2750EE340005E8E3 /* LaunchScreen.storyboard */,
				288ED40E2750EE340005E8E3 /* Info.plist */,
			);
			path = Hack_Project;
			sourceTree = "<group>";
		};
		4A37F2DC44265E20A69991C4 /* Frameworks */ = {
			isa = PBXGroup;
			children = (
				8B1BD05AE7F8A74B1E9DFF3E /* Pods_Hack_Project.framework */,
			);
			name = Frameworks;
			sourceTree = "<group>";
		};
		7EB8CD649F9055C1074ECE53 /* Pods */ = {
			isa = PBXGroup;
			children = (
				E8FFC60A17966B8A89A9E240 /* Pods-Hack_Project.debug.xcconfig */,
				0A3D2E9F08B8F7C97C738CFE /* Pods-Hack_Project.release.xcconfig */,
			);
			name = Pods;
			sourceTree = "<group>";
		};
/* End PBXGroup section */

/* Begin PBXNativeTarget section */
		288ED3FC2750EE280005E8E3 /* Hack_Project */ = {
			isa = PBXNativeTarget;
			buildConfigurationList = 288ED4112750EE340005E8E3 /* Build configuration list for PBXNativeTarget "Hack_Project" */;
			buildPhases = (
				C7D399DC1C4838ABB55DC40E /* [CP] Check Pods Manifest.lock */,
				288ED3F92750EE280005E8E3 /* Sources */,
				288ED3FA2750EE280005E8E3 /* Frameworks */,
				288ED3FB2750EE280005E8E3 /* Resources */,
				F41D383AFAA44AF4401B3739 /* [CP] Embed Pods Frameworks */,
			);
			buildRules = (
			);
			dependencies = (
			);
			name = Hack_Project;
			productName = Hack_Project;
			productReference = 288ED3FD2750EE290005E8E3 /* Hack_Project.app */;
			productType = "com.apple.product-type.application";
		};
/* End PBXNativeTarget section */

/* Begin PBXProject section */
		288ED3F52750EE280005E8E3 /* Project object */ = {
			isa = PBXProject;
			attributes = {
				LastSwiftUpdateCheck = 1240;
				LastUpgradeCheck = 1240;
				TargetAttributes = {
					288ED3FC2750EE280005E8E3 = {
						CreatedOnToolsVersion = 12.4;
					};
				};
			};
			buildConfigurationList = 288ED3F82750EE280005E8E3 /* Build configuration list for PBXProject "Hack_Project" */;
			compatibilityVersion = "Xcode 9.3";
			developmentRegion = en;
			hasScannedForEncodings = 0;
			knownRegions = (
				en,
				Base,
			);
			mainGroup = 288ED3F42750EE280005E8E3;
			productRefGroup = 288ED3FE2750EE290005E8E3 /* Products */;
			projectDirPath = "";
			projectRoot = "";
			targets = (
				288ED3FC2750EE280005E8E3 /* Hack_Project */,
			);
		};
/* End PBXProject section */

/* Begin PBXResourcesBuildPhase section */
		288ED3FB2750EE280005E8E3 /* Resources */ = {
			isa = PBXResourcesBuildPhase;
			buildActionMask = 2147483647;
			files = (
				288ED40D2750EE340005E8E3 /* LaunchScreen.storyboard in Resources */,
				288ED40A2750EE340005E8E3 /* Assets.xcassets in Resources */,
				288ED4082750EE290005E8E3 /* Main.storyboard in Resources */,
			);
			runOnlyForDeploymentPostprocessing = 0;
		};
/* End PBXResourcesBuildPhase section */

/* Begin PBXShellScriptBuildPhase section */
		C7D399DC1C4838ABB55DC40E /* [CP] Check Pods Manifest.lock */ = {
			isa = PBXShellScriptBuildPhase;
			buildActionMask = 2147483647;
			files = (
			);
			inputPaths = (
				"${PODS_PODFILE_DIR_PATH}/Podfile.lock",
				"${PODS_ROOT}/Manifest.lock",
			);
			name = "[CP] Check Pods Manifest.lock";
			outputPaths = (
				"$(DERIVED_FILE_DIR)/Pods-Hack_Project-checkManifestLockResult.txt",
			);
			runOnlyForDeploymentPostprocessing = 0;
			shellPath = /bin/sh;
			shellScript = "diff \"${PODS_PODFILE_DIR_PATH}/Podfile.lock\" \"${PODS_ROOT}/Manifest.lock\" > /dev/null\nif [ $? != 0 ] ; then\n    # print error to STDERR\n    echo \"error: The sandbox is not in sync with the Podfile.lock. Run 'pod install' or update your CocoaPods installation.\" >&2\n    exit 1\nfi\n# This output is used by Xcode 'outputs' to avoid re-running this script phase.\necho \"SUCCESS\" > \"${SCRIPT_OUTPUT_FILE_0}\"\n";
			showEnvVarsInLog = 0;
		};
		F41D383AFAA44AF4401B3739 /* [CP] Embed Pods Frameworks */ = {
			isa = PBXShellScriptBuildPhase;
			buildActionMask = 2147483647;
			files = (
			);
			inputPaths = (
				"${SRCROOT}/Pods/Target Support Files/Pods-Hack_Project/Pods-Hack_Project-frameworks.sh",
				"${BUILT_PRODUCTS_DIR}/PinLayout/PinLayout.framework",
			);
			name = "[CP] Embed Pods Frameworks";
			outputPaths = (
				"${TARGET_BUILD_DIR}/${FRAMEWORKS_FOLDER_PATH}/PinLayout.framework",
			);
			runOnlyForDeploymentPostprocessing = 0;
			shellPath = /bin/sh;
			shellScript = "\"${SRCROOT}/Pods/Target Support Files/Pods-Hack_Project/Pods-Hack_Project-frameworks.sh\"\n";
			showEnvVarsInLog = 0;
		};
/* End PBXShellScriptBuildPhase section */

/* Begin PBXSourcesBuildPhase section */
		288ED3F92750EE280005E8E3 /* Sources */ = {
			isa = PBXSourcesBuildPhase;
			buildActionMask = 2147483647;
			files = (
				288ED4052750EE290005E8E3 /* ViewController.swift in Sources */,
				288ED4012750EE290005E8E3 /* AppDelegate.swift in Sources */,
				288ED4032750EE290005E8E3 /* SceneDelegate.swift in Sources */,
			);
			runOnlyForDeploymentPostprocessing = 0;
		};
/* End PBXSourcesBuildPhase section */

/* Begin PBXVariantGroup section */
		288ED4062750EE290005E8E3 /* Main.storyboard */ = {
			isa = PBXVariantGroup;
			children = (
				288ED4072750EE290005E8E3 /* Base */,
			);
			name = Main.storyboard;
			sourceTree = "<group>";
		};
		288ED40B2750EE340005E8E3 /* LaunchScreen.storyboard */ = {
			isa = PBXVariantGroup;
			children = (
				288ED40C2750EE340005E8E3 /* Base */,
			);
			name = LaunchScreen.storyboard;
			sourceTree = "<group>";
		};
/* End PBXVariantGroup section */

/* Begin XCBuildConfiguration section */
		288ED40F2750EE340005E8E3 /* Debug */ = {
			isa = XCBuildConfiguration;
			buildSettings = {
				ALWAYS_SEARCH_USER_PATHS = NO;
				CLANG_ANALYZER_NONNULL = YES;
				CLANG_ANALYZER_NUMBER_OBJECT_CONVERSION = YES_AGGRESSIVE;
				CLANG_CXX_LANGUAGE_STANDARD = "gnu++14";
				CLANG_CXX_LIBRARY = "libc++";
				CLANG_ENABLE_MODULES = YES;
				CLANG_ENABLE_OBJC_ARC = YES;
				CLANG_ENABLE_OBJC_WEAK = YES;
				CLANG_WARN_BLOCK_CAPTURE_AUTORELEASING = YES;
				CLANG_WARN_BOOL_CONVERSION = YES;
				CLANG_WARN_COMMA = YES;
				CLANG_WARN_CONSTANT_CONVERSION = YES;
				CLANG_WARN_DEPRECATED_OBJC_IMPLEMENTATIONS = YES;
				CLANG_WARN_DIRECT_OBJC_ISA_USAGE = YES_ERROR;
				CLANG_WARN_DOCUMENTATION_COMMENTS = YES;
				CLANG_WARN_EMPTY_BODY = YES;
				CLANG_WARN_ENUM_CONVERSION = YES;
				CLANG_WARN_INFINITE_RECURSION = YES;
				CLANG_WARN_INT_CONVERSION = YES;
				CLANG_WARN_NON_LITERAL_NULL_CONVERSION = YES;
				CLANG_WARN_OBJC_IMPLICIT_RETAIN_SELF = YES;
				CLANG_WARN_OBJC_LITERAL_CONVERSION = YES;
				CLANG_WARN_OBJC_ROOT_CLASS = YES_ERROR;
				CLANG_WARN_QUOTED_INCLUDE_IN_FRAMEWORK_HEADER = YES;
				CLANG_WARN_RANGE_LOOP_ANALYSIS = YES;
				CLANG_WARN_STRICT_PROTOTYPES = YES;
				CLANG_WARN_SUSPICIOUS_MOVE = YES;
				CLANG_WARN_UNGUARDED_AVAILABILITY = YES_AGGRESSIVE;
				CLANG_WARN_UNREACHABLE_CODE = YES;
				CLANG_WARN__DUPLICATE_METHOD_MATCH = YES;
				COPY_PHASE_STRIP = NO;
				DEBUG_INFORMATION_FORMAT = dwarf;
				ENABLE_STRICT_OBJC_MSGSEND = YES;
				ENABLE_TESTABILITY = YES;
				GCC_C_LANGUAGE_STANDARD = gnu11;
				GCC_DYNAMIC_NO_PIC = NO;
				GCC_NO_COMMON_BLOCKS = YES;
				GCC_OPTIMIZATION_LEVEL = 0;
				GCC_PREPROCESSOR_DEFINITIONS = (
					"DEBUG=1",
					"$(inherited)",
				);
				GCC_WARN_64_TO_32_BIT_CONVERSION = YES;
				GCC_WARN_ABOUT_RETURN_TYPE = YES_ERROR;
				GCC_WARN_UNDECLARED_SELECTOR = YES;
				GCC_WARN_UNINITIALIZED_AUTOS = YES_AGGRESSIVE;
				GCC_WARN_UNUSED_FUNCTION = YES;
				GCC_WARN_UNUSED_VARIABLE = YES;
				IPHONEOS_DEPLOYMENT_TARGET = 14.4;
				MTL_ENABLE_DEBUG_INFO = INCLUDE_SOURCE;
				MTL_FAST_MATH = YES;
				ONLY_ACTIVE_ARCH = YES;
				SDKROOT = iphoneos;
				SWIFT_ACTIVE_COMPILATION_CONDITIONS = DEBUG;
				SWIFT_OPTIMIZATION_LEVEL = "-Onone";
			};
			name = Debug;
		};
		288ED4102750EE340005E8E3 /* Release */ = {
			isa = XCBuildConfiguration;
			buildSettings = {
				ALWAYS_SEARCH_USER_PATHS = NO;
				CLANG_ANALYZER_NONNULL = YES;
				CLANG_ANALYZER_NUMBER_OBJECT_CONVERSION = YES_AGGRESSIVE;
				CLANG_CXX_LANGUAGE_STANDARD = "gnu++14";
				CLANG_CXX_LIBRARY = "libc++";
				CLANG_ENABLE_MODULES = YES;
				CLANG_ENABLE_OBJC_ARC = YES;
				CLANG_ENABLE_OBJC_WEAK = YES;
				CLANG_WARN_BLOCK_CAPTURE_AUTORELEASING = YES;
				CLANG_WARN_BOOL_CONVERSION = YES;
				CLANG_WARN_COMMA = YES;
				CLANG_WARN_CONSTANT_CONVERSION = YES;
				CLANG_WARN_DEPRECATED_OBJC_IMPLEMENTATIONS = YES;
				CLANG_WARN_DIRECT_OBJC_ISA_USAGE = YES_ERROR;
				CLANG_WARN_DOCUMENTATION_COMMENTS = YES;
				CLANG_WARN_EMPTY_BODY = YES;
				CLANG_WARN_ENUM_CONVERSION = YES;
				CLANG_WARN_INFINITE_RECURSION = YES;
				CLANG_WARN_INT_CONVERSION = YES;
				CLANG_WARN_NON_LITERAL_NULL_CONVERSION = YES;
				CLANG_WARN_OBJC_IMPLICIT_RETAIN_SELF = YES;
				CLANG_WARN_OBJC_LITERAL_CONVERSION = YES;
				CLANG_WARN_OBJC_ROOT_CLASS = YES_ERROR;
				CLANG_WARN_QUOTED_INCLUDE_IN_FRAMEWORK_HEADER = YES;
				CLANG_WARN_RANGE_LOOP_ANALYSIS = YES;
				CLANG_WARN_STRICT_PROTOTYPES = YES;
				CLANG_WARN_SUSPICIOUS_MOVE = YES;
				CLANG_WARN_UNGUARDED_AVAILABILITY = YES_AGGRESSIVE;
				CLANG_WARN_UNREACHABLE_CODE = YES;
				CLANG_WARN__DUPLICATE_METHOD_MATCH = YES;
				COPY_PHASE_STRIP = NO;
				DEBUG_INFORMATION_FORMAT = "dwarf-with-dsym";
				ENABLE_NS_ASSERTIONS = NO;
				ENABLE_STRICT_OBJC_MSGSEND = YES;
				GCC_C_LANGUAGE_STANDARD = gnu11;
				GCC_NO_COMMON_BLOCKS = YES;
				GCC_WARN_64_TO_32_BIT_CONVERSION = YES;
				GCC_WARN_ABOUT_RETURN_TYPE = YES_ERROR;
				GCC_WARN_UNDECLARED_SELECTOR = YES;
				GCC_WARN_UNINITIALIZED_AUTOS = YES_AGGRESSIVE;
				GCC_WARN_UNUSED_FUNCTION = YES;
				GCC_WARN_UNUSED_VARIABLE = YES;
				IPHONEOS_DEPLOYMENT_TARGET = 14.4;
				MTL_ENABLE_DEBUG_INFO = NO;
				MTL_FAST_MATH = YES;
				SDKROOT = iphoneos;
				SWIFT_COMPILATION_MODE = wholemodule;
				SWIFT_OPTIMIZATION_LEVEL = "-O";
				VALIDATE_PRODUCT = YES;
			};
			name = Release;
		};
		288ED4122750EE340005E8E3 /* Debug */ = {
			isa = XCBuildConfiguration;
			baseConfigurationReference = E8FFC60A17966B8A89A9E240 /* Pods-Hack_Project.debug.xcconfig */;
			buildSettings = {
				ASSETCATALOG_COMPILER_APPICON_NAME = AppIcon;
				ASSETCATALOG_COMPILER_GLOBAL_ACCENT_COLOR_NAME = AccentColor;
				CODE_SIGN_STYLE = Automatic;
				DEVELOPMENT_TEAM = MMU94SFLQ2;
				INFOPLIST_FILE = Hack_Project/Info.plist;
				LD_RUNPATH_SEARCH_PATHS = (
					"$(inherited)",
					"@executable_path/Frameworks",
				);
				PRODUCT_BUNDLE_IDENTIFIER = "com.michael-111-83.Hack-Project";
				PRODUCT_NAME = "$(TARGET_NAME)";
				SWIFT_VERSION = 5.0;
				TARGETED_DEVICE_FAMILY = "1,2";
			};
			name = Debug;
		};
		288ED4132750EE340005E8E3 /* Release */ = {
			isa = XCBuildConfiguration;
			baseConfigurationReference = 0A3D2E9F08B8F7C97C738CFE /* Pods-Hack_Project.release.xcconfig */;
			buildSettings = {
				ASSETCATALOG_COMPILER_APPICON_NAME = AppIcon;
				ASSETCATALOG_COMPILER_GLOBAL_ACCENT_COLOR_NAME = AccentColor;
				CODE_SIGN_STYLE = Automatic;
				DEVELOPMENT_TEAM = MMU94SFLQ2;
				INFOPLIST_FILE = Hack_Project/Info.plist;
				LD_RUNPATH_SEARCH_PATHS = (
					"$(inherited)",
					"@executable_path/Frameworks",
				);
				PRODUCT_BUNDLE_IDENTIFIER = "com.michael-111-83.Hack-Project";
				PRODUCT_NAME = "$(TARGET_NAME)";
				SWIFT_VERSION = 5.0;
				TARGETED_DEVICE_FAMILY = "1,2";
			};
			name = Release;
		};
/* End XCBuildConfiguration section */

/* Begin XCConfigurationList section */
		288ED3F82750EE280005E8E3 /* Build configuration list for PBXProject "Hack_Project" */ = {
			isa = XCConfigurationList;
			buildConfigurations = (
				288ED40F2750EE340005E8E3 /* Debug */,
				288ED4102750EE340005E8E3 /* Release */,
			);
			defaultConfigurationIsVisible = 0;
			defaultConfigurationName = Release;
		};
		288ED4112750EE340005E8E3 /* Build configuration list for PBXNativeTarget "Hack_Project" */ = {
			isa = XCConfigurationList;
			buildConfigurations = (
				288ED4122750EE340005E8E3 /* Debug */,
				288ED4132750EE340005E8E3 /* Release */,
			);
			defaultConfigurationIsVisible = 0;
			defaultConfigurationName = Release;
		};
/* End XCConfigurationList section */
	};
	rootObject = 288ED3F52750EE280005E8E3 /* Project object */;
}
